// !$*UTF8*$!
{
	archiveVersion = 1;
	classes = {
	};
	objectVersion = 46;
	objects = {

/* Begin PBXBuildFile section */
		384E3A551AF2FE48008D7359 /* StatusViewController.swift in Sources */ = {isa = PBXBuildFile; fileRef = 384E3A541AF2FE48008D7359 /* StatusViewController.swift */; };
		385667671AD9891D004E1F9B /* AppDelegate.swift in Sources */ = {isa = PBXBuildFile; fileRef = 385667661AD9891D004E1F9B /* AppDelegate.swift */; };
		3856676A1AD9891D004E1F9B /* Meeqo.xcdatamodeld in Sources */ = {isa = PBXBuildFile; fileRef = 385667681AD9891D004E1F9B /* Meeqo.xcdatamodeld */; };
		3856676C1AD9891D004E1F9B /* MainViewController.swift in Sources */ = {isa = PBXBuildFile; fileRef = 3856676B1AD9891D004E1F9B /* MainViewController.swift */; };
		3856676F1AD9891D004E1F9B /* Main.storyboard in Resources */ = {isa = PBXBuildFile; fileRef = 3856676D1AD9891D004E1F9B /* Main.storyboard */; };
		385667711AD9891D004E1F9B /* Images.xcassets in Resources */ = {isa = PBXBuildFile; fileRef = 385667701AD9891D004E1F9B /* Images.xcassets */; };
		385667741AD9891D004E1F9B /* LaunchScreen.xib in Resources */ = {isa = PBXBuildFile; fileRef = 385667721AD9891D004E1F9B /* LaunchScreen.xib */; };
		385667801AD9891D004E1F9B /* MeeqoTests.swift in Sources */ = {isa = PBXBuildFile; fileRef = 3856677F1AD9891D004E1F9B /* MeeqoTests.swift */; };
		386E67DB1AE8576500EBC1ED /* increaseStatusViewController.swift in Sources */ = {isa = PBXBuildFile; fileRef = 386E67DA1AE8576500EBC1ED /* increaseStatusViewController.swift */; };
		38751DC71AF2DA75009E1A48 /* ShopViewController.swift in Sources */ = {isa = PBXBuildFile; fileRef = 38751DC61AF2DA75009E1A48 /* ShopViewController.swift */; };
		7265DAA31AE81DC60043B2E8 /* MeeqoRepository.swift in Sources */ = {isa = PBXBuildFile; fileRef = 7265DAA21AE81DC60043B2E8 /* MeeqoRepository.swift */; };
		7265DAA51AE81E6D0043B2E8 /* MoqData.swift in Sources */ = {isa = PBXBuildFile; fileRef = 7265DAA41AE81E6D0043B2E8 /* MoqData.swift */; };
		7265DAAF1AE82FD30043B2E8 /* MeeqoInventory.swift in Sources */ = {isa = PBXBuildFile; fileRef = 7265DAAE1AE82FD30043B2E8 /* MeeqoInventory.swift */; };
		7265DAB31AE82FD30043B2E8 /* Meeqo.swift in Sources */ = {isa = PBXBuildFile; fileRef = 7265DAB21AE82FD30043B2E8 /* Meeqo.swift */; };
		7265DAB51AE82FD30043B2E8 /* MeeqoPosition.swift in Sources */ = {isa = PBXBuildFile; fileRef = 7265DAB41AE82FD30043B2E8 /* MeeqoPosition.swift */; };
		7265DAB71AE830A80043B2E8 /* Raw.swift in Sources */ = {isa = PBXBuildFile; fileRef = 7265DAB61AE830A80043B2E8 /* Raw.swift */; };
		7265DABA1AE8449C0043B2E8 /* ItemRepository.swift in Sources */ = {isa = PBXBuildFile; fileRef = 7265DAB91AE8449C0043B2E8 /* ItemRepository.swift */; };
		7265DABC1AE850BB0043B2E8 /* RepositoryFactory.swift in Sources */ = {isa = PBXBuildFile; fileRef = 7265DABB1AE850BB0043B2E8 /* RepositoryFactory.swift */; };
		7265DABF1AE851200043B2E8 /* RepositoryProtocols.swift in Sources */ = {isa = PBXBuildFile; fileRef = 7265DABE1AE851200043B2E8 /* RepositoryProtocols.swift */; };
		7279B8171AE168FE00F48A9F /* MeeqoView.swift in Sources */ = {isa = PBXBuildFile; fileRef = 7279B8161AE168FE00F48A9F /* MeeqoView.swift */; };
		7279B8191AE170D900F48A9F /* RoomView.swift in Sources */ = {isa = PBXBuildFile; fileRef = 7279B8181AE170D900F48A9F /* RoomView.swift */; };
		7285CC8E1AE4518A00257E7C /* ItemManager.swift in Sources */ = {isa = PBXBuildFile; fileRef = 7285CC8D1AE4518A00257E7C /* ItemManager.swift */; };
		7285CC901AE452EC00257E7C /* UserRepository.swift in Sources */ = {isa = PBXBuildFile; fileRef = 7285CC8F1AE452EC00257E7C /* UserRepository.swift */; };
		7292663B1AEC5701005E6FA1 /* UserManager.swift in Sources */ = {isa = PBXBuildFile; fileRef = 7292663A1AEC5701005E6FA1 /* UserManager.swift */; };
		7292663D1AEC57B2005E6FA1 /* ChallengeManager.swift in Sources */ = {isa = PBXBuildFile; fileRef = 7292663C1AEC57B2005E6FA1 /* ChallengeManager.swift */; };
		729266441AED2780005E6FA1 /* SwiftyJSON.swift in Sources */ = {isa = PBXBuildFile; fileRef = 729266431AED2780005E6FA1 /* SwiftyJSON.swift */; };
		72DF72E81AF2DB3D00506503 /* Challenge.swift in Sources */ = {isa = PBXBuildFile; fileRef = 72DF72E71AF2DB3D00506503 /* Challenge.swift */; };
		72DF72EC1AF2E0C100506503 /* UserModel.swift in Sources */ = {isa = PBXBuildFile; fileRef = 72DF72EB1AF2E0C100506503 /* UserModel.swift */; };
		72DF72EE1AF2E4A500506503 /* MeeqoManager.swift in Sources */ = {isa = PBXBuildFile; fileRef = 72DF72ED1AF2E4A500506503 /* MeeqoManager.swift */; };
		72DF72F21AF2EEE900506503 /* User.swift in Sources */ = {isa = PBXBuildFile; fileRef = 72DF72F11AF2EEE900506503 /* User.swift */; };
		72DF72F41AF2F89700506503 /* ChallengeRepository.swift in Sources */ = {isa = PBXBuildFile; fileRef = 72DF72F31AF2F89700506503 /* ChallengeRepository.swift */; };
/* End PBXBuildFile section */

/* Begin PBXContainerItemProxy section */
		3856677A1AD9891D004E1F9B /* PBXContainerItemProxy */ = {
			isa = PBXContainerItemProxy;
			containerPortal = 385667591AD9891D004E1F9B /* Project object */;
			proxyType = 1;
			remoteGlobalIDString = 385667601AD9891D004E1F9B;
			remoteInfo = Meeqo;
		};
/* End PBXContainerItemProxy section */

/* Begin PBXFileReference section */
		384E3A541AF2FE48008D7359 /* StatusViewController.swift */ = {isa = PBXFileReference; fileEncoding = 4; lastKnownFileType = sourcecode.swift; path = StatusViewController.swift; sourceTree = "<group>"; };
		385667611AD9891D004E1F9B /* Meeqo.app */ = {isa = PBXFileReference; explicitFileType = wrapper.application; includeInIndex = 0; path = Meeqo.app; sourceTree = BUILT_PRODUCTS_DIR; };
		385667651AD9891D004E1F9B /* Info.plist */ = {isa = PBXFileReference; lastKnownFileType = text.plist.xml; path = Info.plist; sourceTree = "<group>"; };
		385667661AD9891D004E1F9B /* AppDelegate.swift */ = {isa = PBXFileReference; lastKnownFileType = sourcecode.swift; path = AppDelegate.swift; sourceTree = "<group>"; };
		385667691AD9891D004E1F9B /* Meeqo.xcdatamodel */ = {isa = PBXFileReference; lastKnownFileType = wrapper.xcdatamodel; path = Meeqo.xcdatamodel; sourceTree = "<group>"; };
		3856676B1AD9891D004E1F9B /* MainViewController.swift */ = {isa = PBXFileReference; lastKnownFileType = sourcecode.swift; path = MainViewController.swift; sourceTree = "<group>"; };
		3856676E1AD9891D004E1F9B /* Base */ = {isa = PBXFileReference; lastKnownFileType = file.storyboard; name = Base; path = Base.lproj/Main.storyboard; sourceTree = "<group>"; };
		385667701AD9891D004E1F9B /* Images.xcassets */ = {isa = PBXFileReference; lastKnownFileType = folder.assetcatalog; path = Images.xcassets; sourceTree = "<group>"; };
		385667731AD9891D004E1F9B /* Base */ = {isa = PBXFileReference; lastKnownFileType = file.xib; name = Base; path = Base.lproj/LaunchScreen.xib; sourceTree = "<group>"; };
		385667791AD9891D004E1F9B /* MeeqoTests.xctest */ = {isa = PBXFileReference; explicitFileType = wrapper.cfbundle; includeInIndex = 0; path = MeeqoTests.xctest; sourceTree = BUILT_PRODUCTS_DIR; };
		3856677E1AD9891D004E1F9B /* Info.plist */ = {isa = PBXFileReference; lastKnownFileType = text.plist.xml; path = Info.plist; sourceTree = "<group>"; };
		3856677F1AD9891D004E1F9B /* MeeqoTests.swift */ = {isa = PBXFileReference; lastKnownFileType = sourcecode.swift; path = MeeqoTests.swift; sourceTree = "<group>"; };
		386E67DA1AE8576500EBC1ED /* increaseStatusViewController.swift */ = {isa = PBXFileReference; fileEncoding = 4; lastKnownFileType = sourcecode.swift; path = increaseStatusViewController.swift; sourceTree = "<group>"; };
		38751DC61AF2DA75009E1A48 /* ShopViewController.swift */ = {isa = PBXFileReference; fileEncoding = 4; lastKnownFileType = sourcecode.swift; path = ShopViewController.swift; sourceTree = "<group>"; };
		7265DAA21AE81DC60043B2E8 /* MeeqoRepository.swift */ = {isa = PBXFileReference; fileEncoding = 4; lastKnownFileType = sourcecode.swift; path = MeeqoRepository.swift; sourceTree = "<group>"; };
		7265DAA41AE81E6D0043B2E8 /* MoqData.swift */ = {isa = PBXFileReference; fileEncoding = 4; lastKnownFileType = sourcecode.swift; path = MoqData.swift; sourceTree = "<group>"; };
		7265DAAE1AE82FD30043B2E8 /* MeeqoInventory.swift */ = {isa = PBXFileReference; fileEncoding = 4; lastKnownFileType = sourcecode.swift; path = MeeqoInventory.swift; sourceTree = "<group>"; };
		7265DAB21AE82FD30043B2E8 /* Meeqo.swift */ = {isa = PBXFileReference; fileEncoding = 4; lastKnownFileType = sourcecode.swift; path = Meeqo.swift; sourceTree = "<group>"; };
		7265DAB41AE82FD30043B2E8 /* MeeqoPosition.swift */ = {isa = PBXFileReference; fileEncoding = 4; lastKnownFileType = sourcecode.swift; path = MeeqoPosition.swift; sourceTree = "<group>"; };
		7265DAB61AE830A80043B2E8 /* Raw.swift */ = {isa = PBXFileReference; fileEncoding = 4; lastKnownFileType = sourcecode.swift; path = Raw.swift; sourceTree = "<group>"; };
		7265DAB91AE8449C0043B2E8 /* ItemRepository.swift */ = {isa = PBXFileReference; fileEncoding = 4; lastKnownFileType = sourcecode.swift; path = ItemRepository.swift; sourceTree = "<group>"; };
		7265DABB1AE850BB0043B2E8 /* RepositoryFactory.swift */ = {isa = PBXFileReference; fileEncoding = 4; lastKnownFileType = sourcecode.swift; path = RepositoryFactory.swift; sourceTree = "<group>"; };
		7265DABE1AE851200043B2E8 /* RepositoryProtocols.swift */ = {isa = PBXFileReference; fileEncoding = 4; lastKnownFileType = sourcecode.swift; path = RepositoryProtocols.swift; sourceTree = "<group>"; };
		7279B8161AE168FE00F48A9F /* MeeqoView.swift */ = {isa = PBXFileReference; fileEncoding = 4; lastKnownFileType = sourcecode.swift; path = MeeqoView.swift; sourceTree = "<group>"; };
		7279B8181AE170D900F48A9F /* RoomView.swift */ = {isa = PBXFileReference; fileEncoding = 4; lastKnownFileType = sourcecode.swift; path = RoomView.swift; sourceTree = "<group>"; };
		7285CC8D1AE4518A00257E7C /* ItemManager.swift */ = {isa = PBXFileReference; fileEncoding = 4; lastKnownFileType = sourcecode.swift; path = ItemManager.swift; sourceTree = "<group>"; };
		7285CC8F1AE452EC00257E7C /* UserRepository.swift */ = {isa = PBXFileReference; fileEncoding = 4; lastKnownFileType = sourcecode.swift; path = UserRepository.swift; sourceTree = "<group>"; };
		7292663A1AEC5701005E6FA1 /* UserManager.swift */ = {isa = PBXFileReference; fileEncoding = 4; lastKnownFileType = sourcecode.swift; path = UserManager.swift; sourceTree = "<group>"; };
		7292663C1AEC57B2005E6FA1 /* ChallengeManager.swift */ = {isa = PBXFileReference; fileEncoding = 4; lastKnownFileType = sourcecode.swift; path = ChallengeManager.swift; sourceTree = "<group>"; };
		729266431AED2780005E6FA1 /* SwiftyJSON.swift */ = {isa = PBXFileReference; fileEncoding = 4; lastKnownFileType = sourcecode.swift; path = SwiftyJSON.swift; sourceTree = "<group>"; };
		72DF72E71AF2DB3D00506503 /* Challenge.swift */ = {isa = PBXFileReference; fileEncoding = 4; lastKnownFileType = sourcecode.swift; path = Challenge.swift; sourceTree = "<group>"; };
		72DF72EB1AF2E0C100506503 /* UserModel.swift */ = {isa = PBXFileReference; fileEncoding = 4; lastKnownFileType = sourcecode.swift; path = UserModel.swift; sourceTree = "<group>"; };
		72DF72ED1AF2E4A500506503 /* MeeqoManager.swift */ = {isa = PBXFileReference; fileEncoding = 4; lastKnownFileType = sourcecode.swift; path = MeeqoManager.swift; sourceTree = "<group>"; };
		72DF72F11AF2EEE900506503 /* User.swift */ = {isa = PBXFileReference; fileEncoding = 4; lastKnownFileType = sourcecode.swift; path = User.swift; sourceTree = "<group>"; };
		72DF72F31AF2F89700506503 /* ChallengeRepository.swift */ = {isa = PBXFileReference; fileEncoding = 4; lastKnownFileType = sourcecode.swift; path = ChallengeRepository.swift; sourceTree = "<group>"; };
/* End PBXFileReference section */

/* Begin PBXFrameworksBuildPhase section */
		3856675E1AD9891D004E1F9B /* Frameworks */ = {
			isa = PBXFrameworksBuildPhase;
			buildActionMask = 2147483647;
			files = (
			);
			runOnlyForDeploymentPostprocessing = 0;
		};
		385667761AD9891D004E1F9B /* Frameworks */ = {
			isa = PBXFrameworksBuildPhase;
			buildActionMask = 2147483647;
			files = (
			);
			runOnlyForDeploymentPostprocessing = 0;
		};
/* End PBXFrameworksBuildPhase section */

/* Begin PBXGroup section */
		385667581AD9891D004E1F9B = {
			isa = PBXGroup;
			children = (
				385667631AD9891D004E1F9B /* Meeqo */,
				3856677C1AD9891D004E1F9B /* MeeqoTests */,
				385667621AD9891D004E1F9B /* Products */,
			);
			sourceTree = "<group>";
		};
		385667621AD9891D004E1F9B /* Products */ = {
			isa = PBXGroup;
			children = (
				385667611AD9891D004E1F9B /* Meeqo.app */,
				385667791AD9891D004E1F9B /* MeeqoTests.xctest */,
			);
			name = Products;
			sourceTree = "<group>";
		};
		385667631AD9891D004E1F9B /* Meeqo */ = {
			isa = PBXGroup;
			children = (
				729266431AED2780005E6FA1 /* SwiftyJSON.swift */,
				7265DAB81AE843960043B2E8 /* Repositories */,
				7273FCCE1AE44D8300CF7C9F /* Logic */,
				7273FCCD1AE44BFC00CF7C9F /* ViewControllers */,
				7273FCCC1AE44BBC00CF7C9F /* Views */,
				7273FCCB1AE44B1E00CF7C9F /* Model */,
				385667661AD9891D004E1F9B /* AppDelegate.swift */,
				3856676D1AD9891D004E1F9B /* Main.storyboard */,
				385667701AD9891D004E1F9B /* Images.xcassets */,
				385667721AD9891D004E1F9B /* LaunchScreen.xib */,
				385667681AD9891D004E1F9B /* Meeqo.xcdatamodeld */,
				385667641AD9891D004E1F9B /* Supporting Files */,
				7265DAA41AE81E6D0043B2E8 /* MoqData.swift */,
				7265DAB61AE830A80043B2E8 /* Raw.swift */,
			);
			path = Meeqo;
			sourceTree = "<group>";
		};
		385667641AD9891D004E1F9B /* Supporting Files */ = {
			isa = PBXGroup;
			children = (
				385667651AD9891D004E1F9B /* Info.plist */,
			);
			name = "Supporting Files";
			sourceTree = "<group>";
		};
		3856677C1AD9891D004E1F9B /* MeeqoTests */ = {
			isa = PBXGroup;
			children = (
				3856677F1AD9891D004E1F9B /* MeeqoTests.swift */,
				3856677D1AD9891D004E1F9B /* Supporting Files */,
			);
			path = MeeqoTests;
			sourceTree = "<group>";
		};
		3856677D1AD9891D004E1F9B /* Supporting Files */ = {
			isa = PBXGroup;
			children = (
				3856677E1AD9891D004E1F9B /* Info.plist */,
			);
			name = "Supporting Files";
			sourceTree = "<group>";
		};
		7265DAB81AE843960043B2E8 /* Repositories */ = {
			isa = PBXGroup;
			children = (
				7285CC8F1AE452EC00257E7C /* UserRepository.swift */,
				7265DAA21AE81DC60043B2E8 /* MeeqoRepository.swift */,
				7265DAB91AE8449C0043B2E8 /* ItemRepository.swift */,
				7265DABB1AE850BB0043B2E8 /* RepositoryFactory.swift */,
				7265DABE1AE851200043B2E8 /* RepositoryProtocols.swift */,
				72DF72F31AF2F89700506503 /* ChallengeRepository.swift */,
			);
			name = Repositories;
			sourceTree = "<group>";
		};
		7273FCCB1AE44B1E00CF7C9F /* Model */ = {
			isa = PBXGroup;
			children = (
				7265DAB41AE82FD30043B2E8 /* MeeqoPosition.swift */,
				7265DAB21AE82FD30043B2E8 /* Meeqo.swift */,
				7265DAAE1AE82FD30043B2E8 /* MeeqoInventory.swift */,
				72DF72E71AF2DB3D00506503 /* Challenge.swift */,
				72DF72EB1AF2E0C100506503 /* UserModel.swift */,
				72DF72F11AF2EEE900506503 /* User.swift */,
			);
			name = Model;
			sourceTree = "<group>";
		};
		7273FCCC1AE44BBC00CF7C9F /* Views */ = {
			isa = PBXGroup;
			children = (
				7279B8181AE170D900F48A9F /* RoomView.swift */,
				7279B8161AE168FE00F48A9F /* MeeqoView.swift */,
			);
			name = Views;
			sourceTree = "<group>";
		};
		7273FCCD1AE44BFC00CF7C9F /* ViewControllers */ = {
			isa = PBXGroup;
			children = (
				386E67DA1AE8576500EBC1ED /* increaseStatusViewController.swift */,
				3856676B1AD9891D004E1F9B /* MainViewController.swift */,
				384E3A541AF2FE48008D7359 /* StatusViewController.swift */,
				38751DC61AF2DA75009E1A48 /* ShopViewController.swift */,
			);
			name = ViewControllers;
			sourceTree = "<group>";
		};
		7273FCCE1AE44D8300CF7C9F /* Logic */ = {
			isa = PBXGroup;
			children = (
				7285CC8D1AE4518A00257E7C /* ItemManager.swift */,
				7292663A1AEC5701005E6FA1 /* UserManager.swift */,
				7292663C1AEC57B2005E6FA1 /* ChallengeManager.swift */,
				72DF72ED1AF2E4A500506503 /* MeeqoManager.swift */,
			);
			name = Logic;
			sourceTree = "<group>";
		};
/* End PBXGroup section */

/* Begin PBXNativeTarget section */
		385667601AD9891D004E1F9B /* Meeqo */ = {
			isa = PBXNativeTarget;
			buildConfigurationList = 385667831AD9891D004E1F9B /* Build configuration list for PBXNativeTarget "Meeqo" */;
			buildPhases = (
				3856675D1AD9891D004E1F9B /* Sources */,
				3856675E1AD9891D004E1F9B /* Frameworks */,
				3856675F1AD9891D004E1F9B /* Resources */,
			);
			buildRules = (
			);
			dependencies = (
			);
			name = Meeqo;
			productName = Meeqo;
			productReference = 385667611AD9891D004E1F9B /* Meeqo.app */;
			productType = "com.apple.product-type.application";
		};
		385667781AD9891D004E1F9B /* MeeqoTests */ = {
			isa = PBXNativeTarget;
			buildConfigurationList = 385667861AD9891D004E1F9B /* Build configuration list for PBXNativeTarget "MeeqoTests" */;
			buildPhases = (
				385667751AD9891D004E1F9B /* Sources */,
				385667761AD9891D004E1F9B /* Frameworks */,
				385667771AD9891D004E1F9B /* Resources */,
			);
			buildRules = (
			);
			dependencies = (
				3856677B1AD9891D004E1F9B /* PBXTargetDependency */,
			);
			name = MeeqoTests;
			productName = MeeqoTests;
			productReference = 385667791AD9891D004E1F9B /* MeeqoTests.xctest */;
			productType = "com.apple.product-type.bundle.unit-test";
		};
/* End PBXNativeTarget section */

/* Begin PBXProject section */
		385667591AD9891D004E1F9B /* Project object */ = {
			isa = PBXProject;
			attributes = {
				LastUpgradeCheck = 0630;
				ORGANIZATIONNAME = MyITSolver;
				TargetAttributes = {
					385667601AD9891D004E1F9B = {
						CreatedOnToolsVersion = 6.2;
						DevelopmentTeam = 5B8GS4JTM8;
					};
					385667781AD9891D004E1F9B = {
						CreatedOnToolsVersion = 6.2;
						TestTargetID = 385667601AD9891D004E1F9B;
					};
				};
			};
			buildConfigurationList = 3856675C1AD9891D004E1F9B /* Build configuration list for PBXProject "Meeqo" */;
			compatibilityVersion = "Xcode 3.2";
			developmentRegion = English;
			hasScannedForEncodings = 0;
			knownRegions = (
				en,
				Base,
			);
			mainGroup = 385667581AD9891D004E1F9B;
			productRefGroup = 385667621AD9891D004E1F9B /* Products */;
			projectDirPath = "";
			projectRoot = "";
			targets = (
				385667601AD9891D004E1F9B /* Meeqo */,
				385667781AD9891D004E1F9B /* MeeqoTests */,
			);
		};
/* End PBXProject section */

/* Begin PBXResourcesBuildPhase section */
		3856675F1AD9891D004E1F9B /* Resources */ = {
			isa = PBXResourcesBuildPhase;
			buildActionMask = 2147483647;
			files = (
				3856676F1AD9891D004E1F9B /* Main.storyboard in Resources */,
				385667741AD9891D004E1F9B /* LaunchScreen.xib in Resources */,
				385667711AD9891D004E1F9B /* Images.xcassets in Resources */,
			);
			runOnlyForDeploymentPostprocessing = 0;
		};
		385667771AD9891D004E1F9B /* Resources */ = {
			isa = PBXResourcesBuildPhase;
			buildActionMask = 2147483647;
			files = (
			);
			runOnlyForDeploymentPostprocessing = 0;
		};
/* End PBXResourcesBuildPhase section */

/* Begin PBXSourcesBuildPhase section */
		3856675D1AD9891D004E1F9B /* Sources */ = {
			isa = PBXSourcesBuildPhase;
			buildActionMask = 2147483647;
			files = (
				72DF72F21AF2EEE900506503 /* User.swift in Sources */,
				386E67DB1AE8576500EBC1ED /* increaseStatusViewController.swift in Sources */,
				7265DAB51AE82FD30043B2E8 /* MeeqoPosition.swift in Sources */,
				38751DC71AF2DA75009E1A48 /* ShopViewController.swift in Sources */,
				7265DAA31AE81DC60043B2E8 /* MeeqoRepository.swift in Sources */,
				729266441AED2780005E6FA1 /* SwiftyJSON.swift in Sources */,
				7292663D1AEC57B2005E6FA1 /* ChallengeManager.swift in Sources */,
				7279B8171AE168FE00F48A9F /* MeeqoView.swift in Sources */,
				3856676C1AD9891D004E1F9B /* MainViewController.swift in Sources */,
				7279B8191AE170D900F48A9F /* RoomView.swift in Sources */,
				72DF72EC1AF2E0C100506503 /* UserModel.swift in Sources */,
				7285CC8E1AE4518A00257E7C /* ItemManager.swift in Sources */,
				385667671AD9891D004E1F9B /* AppDelegate.swift in Sources */,
				7285CC901AE452EC00257E7C /* UserRepository.swift in Sources */,
				7265DABC1AE850BB0043B2E8 /* RepositoryFactory.swift in Sources */,
				3856676A1AD9891D004E1F9B /* Meeqo.xcdatamodeld in Sources */,
				384E3A551AF2FE48008D7359 /* StatusViewController.swift in Sources */,
				7265DAB31AE82FD30043B2E8 /* Meeqo.swift in Sources */,
				7265DAAF1AE82FD30043B2E8 /* MeeqoInventory.swift in Sources */,
				7265DAA51AE81E6D0043B2E8 /* MoqData.swift in Sources */,
				7265DABA1AE8449C0043B2E8 /* ItemRepository.swift in Sources */,
				7265DAB71AE830A80043B2E8 /* Raw.swift in Sources */,
				7292663B1AEC5701005E6FA1 /* UserManager.swift in Sources */,
				7265DABF1AE851200043B2E8 /* RepositoryProtocols.swift in Sources */,
				72DF72E81AF2DB3D00506503 /* Challenge.swift in Sources */,
				72DF72EE1AF2E4A500506503 /* MeeqoManager.swift in Sources */,
				72DF72F41AF2F89700506503 /* ChallengeRepository.swift in Sources */,
			);
			runOnlyForDeploymentPostprocessing = 0;
		};
		385667751AD9891D004E1F9B /* Sources */ = {
			isa = PBXSourcesBuildPhase;
			buildActionMask = 2147483647;
			files = (
				385667801AD9891D004E1F9B /* MeeqoTests.swift in Sources */,
			);
			runOnlyForDeploymentPostprocessing = 0;
		};
/* End PBXSourcesBuildPhase section */

/* Begin PBXTargetDependency section */
		3856677B1AD9891D004E1F9B /* PBXTargetDependency */ = {
			isa = PBXTargetDependency;
			target = 385667601AD9891D004E1F9B /* Meeqo */;
			targetProxy = 3856677A1AD9891D004E1F9B /* PBXContainerItemProxy */;
		};
/* End PBXTargetDependency section */

/* Begin PBXVariantGroup section */
		3856676D1AD9891D004E1F9B /* Main.storyboard */ = {
			isa = PBXVariantGroup;
			children = (
				3856676E1AD9891D004E1F9B /* Base */,
			);
			name = Main.storyboard;
			sourceTree = "<group>";
		};
		385667721AD9891D004E1F9B /* LaunchScreen.xib */ = {
			isa = PBXVariantGroup;
			children = (
				385667731AD9891D004E1F9B /* Base */,
			);
			name = LaunchScreen.xib;
			sourceTree = "<group>";
		};
/* End PBXVariantGroup section */

/* Begin XCBuildConfiguration section */
		385667811AD9891D004E1F9B /* Debug */ = {
			isa = XCBuildConfiguration;
			buildSettings = {
				ALWAYS_SEARCH_USER_PATHS = NO;
				CLANG_CXX_LANGUAGE_STANDARD = "gnu++0x";
				CLANG_CXX_LIBRARY = "libc++";
				CLANG_ENABLE_MODULES = YES;
				CLANG_ENABLE_OBJC_ARC = YES;
				CLANG_WARN_BOOL_CONVERSION = YES;
				CLANG_WARN_CONSTANT_CONVERSION = YES;
				CLANG_WARN_DIRECT_OBJC_ISA_USAGE = YES_ERROR;
				CLANG_WARN_EMPTY_BODY = YES;
				CLANG_WARN_ENUM_CONVERSION = YES;
				CLANG_WARN_INT_CONVERSION = YES;
				CLANG_WARN_OBJC_ROOT_CLASS = YES_ERROR;
				CLANG_WARN_UNREACHABLE_CODE = YES;
				CLANG_WARN__DUPLICATE_METHOD_MATCH = YES;
				"CODE_SIGN_IDENTITY[sdk=iphoneos*]" = "iPhone Developer";
				COPY_PHASE_STRIP = NO;
				ENABLE_STRICT_OBJC_MSGSEND = YES;
				GCC_C_LANGUAGE_STANDARD = gnu99;
				GCC_DYNAMIC_NO_PIC = NO;
				GCC_OPTIMIZATION_LEVEL = 0;
				GCC_PREPROCESSOR_DEFINITIONS = (
					"DEBUG=1",
					"$(inherited)",
				);
				GCC_SYMBOLS_PRIVATE_EXTERN = NO;
				GCC_WARN_64_TO_32_BIT_CONVERSION = YES;
				GCC_WARN_ABOUT_RETURN_TYPE = YES_ERROR;
				GCC_WARN_UNDECLARED_SELECTOR = YES;
				GCC_WARN_UNINITIALIZED_AUTOS = YES_AGGRESSIVE;
				GCC_WARN_UNUSED_FUNCTION = YES;
				GCC_WARN_UNUSED_VARIABLE = YES;
				IPHONEOS_DEPLOYMENT_TARGET = 8.2;
				MTL_ENABLE_DEBUG_INFO = YES;
				ONLY_ACTIVE_ARCH = YES;
				SDKROOT = iphoneos;
				SWIFT_OPTIMIZATION_LEVEL = "-Onone";
				TARGETED_DEVICE_FAMILY = "1,2";
			};
			name = Debug;
		};
		385667821AD9891D004E1F9B /* Release */ = {
			isa = XCBuildConfiguration;
			buildSettings = {
				ALWAYS_SEARCH_USER_PATHS = NO;
				CLANG_CXX_LANGUAGE_STANDARD = "gnu++0x";
				CLANG_CXX_LIBRARY = "libc++";
				CLANG_ENABLE_MODULES = YES;
				CLANG_ENABLE_OBJC_ARC = YES;
				CLANG_WARN_BOOL_CONVERSION = YES;
				CLANG_WARN_CONSTANT_CONVERSION = YES;
				CLANG_WARN_DIRECT_OBJC_ISA_USAGE = YES_ERROR;
				CLANG_WARN_EMPTY_BODY = YES;
				CLANG_WARN_ENUM_CONVERSION = YES;
				CLANG_WARN_INT_CONVERSION = YES;
				CLANG_WARN_OBJC_ROOT_CLASS = YES_ERROR;
				CLANG_WARN_UNREACHABLE_CODE = YES;
				CLANG_WARN__DUPLICATE_METHOD_MATCH = YES;
				"CODE_SIGN_IDENTITY[sdk=iphoneos*]" = "iPhone Developer";
				COPY_PHASE_STRIP = NO;
				ENABLE_NS_ASSERTIONS = NO;
				ENABLE_STRICT_OBJC_MSGSEND = YES;
				GCC_C_LANGUAGE_STANDARD = gnu99;
				GCC_WARN_64_TO_32_BIT_CONVERSION = YES;
				GCC_WARN_ABOUT_RETURN_TYPE = YES_ERROR;
				GCC_WARN_UNDECLARED_SELECTOR = YES;
				GCC_WARN_UNINITIALIZED_AUTOS = YES_AGGRESSIVE;
				GCC_WARN_UNUSED_FUNCTION = YES;
				GCC_WARN_UNUSED_VARIABLE = YES;
				IPHONEOS_DEPLOYMENT_TARGET = 8.2;
				MTL_ENABLE_DEBUG_INFO = NO;
				SDKROOT = iphoneos;
				TARGETED_DEVICE_FAMILY = "1,2";
				VALIDATE_PRODUCT = YES;
			};
			name = Release;
		};
		385667841AD9891D004E1F9B /* Debug */ = {
			isa = XCBuildConfiguration;
			buildSettings = {
				ASSETCATALOG_COMPILER_APPICON_NAME = AppIcon;
				CLANG_ENABLE_MODULES = YES;
				CODE_SIGN_IDENTITY = "iPhone Developer";
				INFOPLIST_FILE = Meeqo/Info.plist;
				LD_RUNPATH_SEARCH_PATHS = "$(inherited) @executable_path/Frameworks";
				PRODUCT_NAME = "$(TARGET_NAME)";
				SWIFT_OPTIMIZATION_LEVEL = "-Onone";
			};
			name = Debug;
		};
		385667851AD9891D004E1F9B /* Release */ = {
			isa = XCBuildConfiguration;
			buildSettings = {
				ASSETCATALOG_COMPILER_APPICON_NAME = AppIcon;
				CLANG_ENABLE_MODULES = YES;
				CODE_SIGN_IDENTITY = "iPhone Developer";
				INFOPLIST_FILE = Meeqo/Info.plist;
				LD_RUNPATH_SEARCH_PATHS = "$(inherited) @executable_path/Frameworks";
				PRODUCT_NAME = "$(TARGET_NAME)";
			};
			name = Release;
		};
		385667871AD9891D004E1F9B /* Debug */ = {
			isa = XCBuildConfiguration;
			buildSettings = {
				BUNDLE_LOADER = "$(TEST_HOST)";
				FRAMEWORK_SEARCH_PATHS = (
					"$(SDKROOT)/Developer/Library/Frameworks",
					"$(inherited)",
				);
				GCC_PREPROCESSOR_DEFINITIONS = (
					"DEBUG=1",
					"$(inherited)",
				);
				INFOPLIST_FILE = MeeqoTests/Info.plist;
				LD_RUNPATH_SEARCH_PATHS = "$(inherited) @executable_path/Frameworks @loader_path/Frameworks";
				PRODUCT_NAME = "$(TARGET_NAME)";
				TEST_HOST = "$(BUILT_PRODUCTS_DIR)/Meeqo.app/Meeqo";
			};
			name = Debug;
		};
		385667881AD9891D004E1F9B /* Release */ = {
			isa = XCBuildConfiguration;
			buildSettings = {
				BUNDLE_LOADER = "$(TEST_HOST)";
				FRAMEWORK_SEARCH_PATHS = (
					"$(SDKROOT)/Developer/Library/Frameworks",
					"$(inherited)",
				);
				INFOPLIST_FILE = MeeqoTests/Info.plist;
				LD_RUNPATH_SEARCH_PATHS = "$(inherited) @executable_path/Frameworks @loader_path/Frameworks";
				PRODUCT_NAME = "$(TARGET_NAME)";
				TEST_HOST = "$(BUILT_PRODUCTS_DIR)/Meeqo.app/Meeqo";
			};
			name = Release;
		};
/* End XCBuildConfiguration section */

/* Begin XCConfigurationList section */
		3856675C1AD9891D004E1F9B /* Build configuration list for PBXProject "Meeqo" */ = {
			isa = XCConfigurationList;
			buildConfigurations = (
				385667811AD9891D004E1F9B /* Debug */,
				385667821AD9891D004E1F9B /* Release */,
			);
			defaultConfigurationIsVisible = 0;
			defaultConfigurationName = Release;
		};
		385667831AD9891D004E1F9B /* Build configuration list for PBXNativeTarget "Meeqo" */ = {
			isa = XCConfigurationList;
			buildConfigurations = (
				385667841AD9891D004E1F9B /* Debug */,
				385667851AD9891D004E1F9B /* Release */,
			);
			defaultConfigurationIsVisible = 0;
			defaultConfigurationName = Release;
		};
		385667861AD9891D004E1F9B /* Build configuration list for PBXNativeTarget "MeeqoTests" */ = {
			isa = XCConfigurationList;
			buildConfigurations = (
				385667871AD9891D004E1F9B /* Debug */,
				385667881AD9891D004E1F9B /* Release */,
			);
			defaultConfigurationIsVisible = 0;
			defaultConfigurationName = Release;
		};
/* End XCConfigurationList section */

/* Begin XCVersionGroup section */
		385667681AD9891D004E1F9B /* Meeqo.xcdatamodeld */ = {
			isa = XCVersionGroup;
			children = (
				385667691AD9891D004E1F9B /* Meeqo.xcdatamodel */,
			);
			currentVersion = 385667691AD9891D004E1F9B /* Meeqo.xcdatamodel */;
			path = Meeqo.xcdatamodeld;
			sourceTree = "<group>";
			versionGroupType = wrapper.xcdatamodel;
		};
/* End XCVersionGroup section */
	};
	rootObject = 385667591AD9891D004E1F9B /* Project object */;
}
